
Microsoft Visual Studio Solution File, Format Version 12.00
Project("{FAE04EC0-301F-11D3-BF4B-00C04F79EFBC}") = "FJMWorldCup", "FJMWorldCup\FJMWorldCup.csproj", "{BBB8507A-61EA-4B94-BAB0-7321DBCAA447}"
EndProject
Project("{FAE04EC0-301F-11D3-BF4B-00C04F79EFBC}") = "FJMWorldCup.Test", "FJMWorldCup.Test\FJMWorldCup.Test.csproj", "{313463E4-B848-4745-915E-707091A66A45}"
EndProject
Global
	GlobalSection(SolutionConfigurationPlatforms) = preSolution
		Debug|Any CPU = Debug|Any CPU
		Release|Any CPU = Release|Any CPU
	EndGlobalSection
	GlobalSection(ProjectConfigurationPlatforms) = postSolution
		{BBB8507A-61EA-4B94-BAB0-7321DBCAA447}.Debug|Any CPU.ActiveCfg = Debug|Any CPU
		{BBB8507A-61EA-4B94-BAB0-7321DBCAA447}.Debug|Any CPU.Build.0 = Debug|Any CPU
		{BBB8507A-61EA-4B94-BAB0-7321DBCAA447}.Release|Any CPU.ActiveCfg = Release|Any CPU
		{BBB8507A-61EA-4B94-BAB0-7321DBCAA447}.Release|Any CPU.Build.0 = Release|Any CPU
		{313463E4-B848-4745-915E-707091A66A45}.Debug|Any CPU.ActiveCfg = Debug|Any CPU
		{313463E4-B848-4745-915E-707091A66A45}.Debug|Any CPU.Build.0 = Debug|Any CPU
		{313463E4-B848-4745-915E-707091A66A45}.Release|Any CPU.ActiveCfg = Release|Any CPU
		{313463E4-B848-4745-915E-707091A66A45}.Release|Any CPU.Build.0 = Release|Any CPU
	EndGlobalSection
EndGlobal
